
Microsoft Visual Studio Solution File, Format Version 12.00
# Visual Studio Version 17
VisualStudioVersion = 17.6.33815.320
MinimumVisualStudioVersion = 10.0.40219.1
Project("{2150E333-8FDC-42A3-9474-1A3956D46DE8}") = "Validator", "Validator", "{95512696-B21E-4681-956F-56F22E227737}"
EndProject
Project("{9A19103F-16F7-4668-BE54-9A1E7A4F7556}") = "Validator.API", "Validator.API\Validator.API.csproj", "{7F1693CA-5200-45EE-A548-4C5DF6ACADA9}"
EndProject
Project("{2150E333-8FDC-42A3-9474-1A3956D46DE8}") = "Main", "Main", "{5FDEB422-2E77-4BC0-82D1-BBEC35F7184E}"
EndProject
Project("{9A19103F-16F7-4668-BE54-9A1E7A4F7556}") = "Validator.Application", "Validator.Application\Validator.Application.csproj", "{4E060ADF-077D-4764-835A-4A63210D73C4}"
EndProject
Project("{9A19103F-16F7-4668-BE54-9A1E7A4F7556}") = "Validator.Infrastructure", "Validator.Infrastructure\Validator.Infrastructure.csproj", "{3B4F1417-0D4C-4976-B9E7-05698DDB6AFB}"
EndProject
Project("{9A19103F-16F7-4668-BE54-9A1E7A4F7556}") = "Validator.Domain", "Validator.Domain\Validator.Domain.csproj", "{3C154B63-7BE7-4E8C-824E-CB8507116D19}"
EndProject
Project("{9A19103F-16F7-4668-BE54-9A1E7A4F7556}") = "Main.API", "Main.API\Main.API.csproj", "{A8D5E54F-DDBA-49BC-AEDA-177EA41E4533}"
EndProject
Project("{9A19103F-16F7-4668-BE54-9A1E7A4F7556}") = "Main.Application", "Main.Application\Main.Application.csproj", "{17CE5785-28F9-4A79-BC87-E4DDDAEDB84B}"
EndProject
Project("{9A19103F-16F7-4668-BE54-9A1E7A4F7556}") = "Main.Domain", "Main.Domain\Main.Domain.csproj", "{50A103C4-8877-4E5C-98DB-977702A00D41}"
EndProject
Project("{9A19103F-16F7-4668-BE54-9A1E7A4F7556}") = "Main.Infrastructure", "Main.Infrastructure\Main.Infrastructure.csproj", "{38C9A3C8-5C16-4E3A-BF33-63568C39C440}"
EndProject
Project("{E53339B2-1760-4266-BCC7-CA923CBCF16C}") = "docker-compose", "docker-compose.dcproj", "{9AFBB668-3098-4E42-8F29-FD651D1777DA}"
EndProject
Project("{2150E333-8FDC-42A3-9474-1A3956D46DE8}") = "Solution Items", "Solution Items", "{72A01A37-8125-418E-8144-02D649B098C0}"
	ProjectSection(SolutionItems) = preProject
		.editorconfig = .editorconfig
	EndProjectSection
EndProject
Global
	GlobalSection(SolutionConfigurationPlatforms) = preSolution
		Debug|Any CPU = Debug|Any CPU
		Release|Any CPU = Release|Any CPU
	EndGlobalSection
	GlobalSection(ProjectConfigurationPlatforms) = postSolution
		{7F1693CA-5200-45EE-A548-4C5DF6ACADA9}.Debug|Any CPU.ActiveCfg = Debug|Any CPU
		{7F1693CA-5200-45EE-A548-4C5DF6ACADA9}.Debug|Any CPU.Build.0 = Debug|Any CPU
		{7F1693CA-5200-45EE-A548-4C5DF6ACADA9}.Release|Any CPU.ActiveCfg = Release|Any CPU
		{7F1693CA-5200-45EE-A548-4C5DF6ACADA9}.Release|Any CPU.Build.0 = Release|Any CPU
		{4E060ADF-077D-4764-835A-4A63210D73C4}.Debug|Any CPU.ActiveCfg = Debug|Any CPU
		{4E060ADF-077D-4764-835A-4A63210D73C4}.Debug|Any CPU.Build.0 = Debug|Any CPU
		{4E060ADF-077D-4764-835A-4A63210D73C4}.Release|Any CPU.ActiveCfg = Release|Any CPU
		{4E060ADF-077D-4764-835A-4A63210D73C4}.Release|Any CPU.Build.0 = Release|Any CPU
		{3B4F1417-0D4C-4976-B9E7-05698DDB6AFB}.Debug|Any CPU.ActiveCfg = Debug|Any CPU
		{3B4F1417-0D4C-4976-B9E7-05698DDB6AFB}.Debug|Any CPU.Build.0 = Debug|Any CPU
		{3B4F1417-0D4C-4976-B9E7-05698DDB6AFB}.Release|Any CPU.ActiveCfg = Release|Any CPU
		{3B4F1417-0D4C-4976-B9E7-05698DDB6AFB}.Release|Any CPU.Build.0 = Release|Any CPU
		{3C154B63-7BE7-4E8C-824E-CB8507116D19}.Debug|Any CPU.ActiveCfg = Debug|Any CPU
		{3C154B63-7BE7-4E8C-824E-CB8507116D19}.Debug|Any CPU.Build.0 = Debug|Any CPU
		{3C154B63-7BE7-4E8C-824E-CB8507116D19}.Release|Any CPU.ActiveCfg = Release|Any CPU
		{3C154B63-7BE7-4E8C-824E-CB8507116D19}.Release|Any CPU.Build.0 = Release|Any CPU
		{A8D5E54F-DDBA-49BC-AEDA-177EA41E4533}.Debug|Any CPU.ActiveCfg = Debug|Any CPU
		{A8D5E54F-DDBA-49BC-AEDA-177EA41E4533}.Debug|Any CPU.Build.0 = Debug|Any CPU
		{A8D5E54F-DDBA-49BC-AEDA-177EA41E4533}.Release|Any CPU.ActiveCfg = Release|Any CPU
		{A8D5E54F-DDBA-49BC-AEDA-177EA41E4533}.Release|Any CPU.Build.0 = Release|Any CPU
		{17CE5785-28F9-4A79-BC87-E4DDDAEDB84B}.Debug|Any CPU.ActiveCfg = Debug|Any CPU
		{17CE5785-28F9-4A79-BC87-E4DDDAEDB84B}.Debug|Any CPU.Build.0 = Debug|Any CPU
		{17CE5785-28F9-4A79-BC87-E4DDDAEDB84B}.Release|Any CPU.ActiveCfg = Release|Any CPU
		{17CE5785-28F9-4A79-BC87-E4DDDAEDB84B}.Release|Any CPU.Build.0 = Release|Any CPU
		{50A103C4-8877-4E5C-98DB-977702A00D41}.Debug|Any CPU.ActiveCfg = Debug|Any CPU
		{50A103C4-8877-4E5C-98DB-977702A00D41}.Debug|Any CPU.Build.0 = Debug|Any CPU
		{50A103C4-8877-4E5C-98DB-977702A00D41}.Release|Any CPU.ActiveCfg = Release|Any CPU
		{50A103C4-8877-4E5C-98DB-977702A00D41}.Release|Any CPU.Build.0 = Release|Any CPU
		{38C9A3C8-5C16-4E3A-BF33-63568C39C440}.Debug|Any CPU.ActiveCfg = Debug|Any CPU
		{38C9A3C8-5C16-4E3A-BF33-63568C39C440}.Debug|Any CPU.Build.0 = Debug|Any CPU
		{38C9A3C8-5C16-4E3A-BF33-63568C39C440}.Release|Any CPU.ActiveCfg = Release|Any CPU
		{38C9A3C8-5C16-4E3A-BF33-63568C39C440}.Release|Any CPU.Build.0 = Release|Any CPU
		{9AFBB668-3098-4E42-8F29-FD651D1777DA}.Debug|Any CPU.ActiveCfg = Debug|Any CPU
		{9AFBB668-3098-4E42-8F29-FD651D1777DA}.Debug|Any CPU.Build.0 = Debug|Any CPU
		{9AFBB668-3098-4E42-8F29-FD651D1777DA}.Release|Any CPU.ActiveCfg = Release|Any CPU
		{9AFBB668-3098-4E42-8F29-FD651D1777DA}.Release|Any CPU.Build.0 = Release|Any CPU
	EndGlobalSection
	GlobalSection(SolutionProperties) = preSolution
		HideSolutionNode = FALSE
	EndGlobalSection
	GlobalSection(NestedProjects) = preSolution
		{7F1693CA-5200-45EE-A548-4C5DF6ACADA9} = {95512696-B21E-4681-956F-56F22E227737}
		{4E060ADF-077D-4764-835A-4A63210D73C4} = {95512696-B21E-4681-956F-56F22E227737}
		{3B4F1417-0D4C-4976-B9E7-05698DDB6AFB} = {95512696-B21E-4681-956F-56F22E227737}
		{3C154B63-7BE7-4E8C-824E-CB8507116D19} = {95512696-B21E-4681-956F-56F22E227737}
		{A8D5E54F-DDBA-49BC-AEDA-177EA41E4533} = {5FDEB422-2E77-4BC0-82D1-BBEC35F7184E}
		{17CE5785-28F9-4A79-BC87-E4DDDAEDB84B} = {5FDEB422-2E77-4BC0-82D1-BBEC35F7184E}
		{50A103C4-8877-4E5C-98DB-977702A00D41} = {5FDEB422-2E77-4BC0-82D1-BBEC35F7184E}
		{38C9A3C8-5C16-4E3A-BF33-63568C39C440} = {5FDEB422-2E77-4BC0-82D1-BBEC35F7184E}
	EndGlobalSection
	GlobalSection(ExtensibilityGlobals) = postSolution
		SolutionGuid = {B0FA157A-412D-4962-80C7-34A04D033A1F}
	EndGlobalSection
EndGlobal
